{
  "object": {
    "pins": [
      {
        "package": "CSSH",
        "repositoryURL": "https://github.com/jakeheis/CSSH",
        "state": {
          "branch": null,
          "revision": "579a20508ab598f78713a60fed95706efd06bbcb",
          "version": "1.0.3"
        }
      },
      {
        "package": "Rainbow",
        "repositoryURL": "https://github.com/onevcat/Rainbow",
        "state": {
          "branch": null,
          "revision": "f69961599ad524251d677fbec9e4bac57385d6fc",
          "version": "3.1.1"
        }
      },
      {
        "package": "Shout",
        "repositoryURL": "https://github.com/jakeheis/Shout",
        "state": {
          "branch": null,
          "revision": "e6d2baa8b8d06ab7c44413db630bdc2892d56ff9",
          "version": "0.4.1"
        }
      },
      {
        "package": "Socket",
        "repositoryURL": "https://github.com/IBM-Swift/BlueSocket",
        "state": {
          "branch": null,
          "revision": "26c8f4e4e3000421a0c97aaf0c7b5e9aa5475222",
          "version": "0.12.94"
        }
      },
      {
        "package": "Spawn",
        "repositoryURL": "https://github.com/jakeheis/Spawn",
        "state": {
          "branch": null,
          "revision": "737435e81917f9120552b04164293b66520ade77",
          "version": "0.0.6"
        }
      }
    ]
  },
  "version": 1
}
