// !$*UTF8*$!
{
	archiveVersion = 1;
	classes = {
	};
	objectVersion = 46;
	objects = {

/* Begin PBXBuildFile section */
		EF0AB57F1C31952000E0C5DB /* main.swift in Sources */ = {isa = PBXBuildFile; fileRef = EF0AB57E1C31952000E0C5DB /* main.swift */; };
		EF0AB5BC1C31956C00E0C5DB /* CommandArguments.swift in Sources */ = {isa = PBXBuildFile; fileRef = EF0AB5AA1C31956C00E0C5DB /* CommandArguments.swift */; };
		EF0AB5BD1C31956C00E0C5DB /* Options.swift in Sources */ = {isa = PBXBuildFile; fileRef = EF0AB5AB1C31956C00E0C5DB /* Options.swift */; };
		EF0AB5BE1C31956C00E0C5DB /* RawArguments.swift in Sources */ = {isa = PBXBuildFile; fileRef = EF0AB5AC1C31956C00E0C5DB /* RawArguments.swift */; };
		EF0AB5BF1C31956C00E0C5DB /* CLI.swift in Sources */ = {isa = PBXBuildFile; fileRef = EF0AB5AE1C31956C00E0C5DB /* CLI.swift */; };
		EF0AB5C01C31956C00E0C5DB /* CommandSignature.swift in Sources */ = {isa = PBXBuildFile; fileRef = EF0AB5AF1C31956C00E0C5DB /* CommandSignature.swift */; };
		EF0AB5C11C31956C00E0C5DB /* Extensions.swift in Sources */ = {isa = PBXBuildFile; fileRef = EF0AB5B01C31956C00E0C5DB /* Extensions.swift */; };
		EF0AB5C21C31956C00E0C5DB /* Router.swift in Sources */ = {isa = PBXBuildFile; fileRef = EF0AB5B11C31956C00E0C5DB /* Router.swift */; };
		EF0AB5C31C31956C00E0C5DB /* ChainableCommand.swift in Sources */ = {isa = PBXBuildFile; fileRef = EF0AB5B31C31956C00E0C5DB /* ChainableCommand.swift */; };
		EF0AB5C41C31956C00E0C5DB /* Command.swift in Sources */ = {isa = PBXBuildFile; fileRef = EF0AB5B41C31956C00E0C5DB /* Command.swift */; };
		EF0AB5C51C31956C00E0C5DB /* CommandMessageGenerator.swift in Sources */ = {isa = PBXBuildFile; fileRef = EF0AB5B51C31956C00E0C5DB /* CommandMessageGenerator.swift */; };
		EF0AB5C61C31956C00E0C5DB /* HelpCommand.swift in Sources */ = {isa = PBXBuildFile; fileRef = EF0AB5B61C31956C00E0C5DB /* HelpCommand.swift */; };
		EF0AB5C71C31956C00E0C5DB /* LightweightCommand.swift in Sources */ = {isa = PBXBuildFile; fileRef = EF0AB5B71C31956C00E0C5DB /* LightweightCommand.swift */; };
		EF0AB5C81C31956C00E0C5DB /* VersionCommand.swift in Sources */ = {isa = PBXBuildFile; fileRef = EF0AB5B81C31956C00E0C5DB /* VersionCommand.swift */; };
		EF0AB5C91C31956C00E0C5DB /* Input.swift in Sources */ = {isa = PBXBuildFile; fileRef = EF0AB5BA1C31956C00E0C5DB /* Input.swift */; };
		EF0AB5CA1C31956C00E0C5DB /* Output.swift in Sources */ = {isa = PBXBuildFile; fileRef = EF0AB5BB1C31956C00E0C5DB /* Output.swift */; };
		EF0AB5CC1C3195BE00E0C5DB /* RunTaskCommand.swift in Sources */ = {isa = PBXBuildFile; fileRef = EF0AB5CB1C3195BE00E0C5DB /* RunTaskCommand.swift */; };
		EF0AB5CE1C31985800E0C5DB /* Group.swift in Sources */ = {isa = PBXBuildFile; fileRef = EF0AB5CD1C31985800E0C5DB /* Group.swift */; };
		EF0AB5D01C31988500E0C5DB /* Task.swift in Sources */ = {isa = PBXBuildFile; fileRef = EF0AB5CF1C31988500E0C5DB /* Task.swift */; };
		EF0AB5D21C319B6D00E0C5DB /* DeployGroup.swift in Sources */ = {isa = PBXBuildFile; fileRef = EF0AB5D11C319B6D00E0C5DB /* DeployGroup.swift */; };
		EF0AB5D41C319BD800E0C5DB /* Flockfile.swift in Sources */ = {isa = PBXBuildFile; fileRef = EF0AB5D31C319BD800E0C5DB /* Flockfile.swift */; };
		EF0AB5D81C319C8B00E0C5DB /* Flock.swift in Sources */ = {isa = PBXBuildFile; fileRef = EF0AB5D71C319C8B00E0C5DB /* Flock.swift */; };
		EF0AB5DA1C319CEF00E0C5DB /* FlockCurassow.swift in Sources */ = {isa = PBXBuildFile; fileRef = EF0AB5D91C319CEF00E0C5DB /* FlockCurassow.swift */; };
/* End PBXBuildFile section */

/* Begin PBXCopyFilesBuildPhase section */
		EF0AB5791C31952000E0C5DB /* CopyFiles */ = {
			isa = PBXCopyFilesBuildPhase;
			buildActionMask = 2147483647;
			dstPath = /usr/share/man/man1/;
			dstSubfolderSpec = 0;
			files = (
			);
			runOnlyForDeploymentPostprocessing = 1;
		};
/* End PBXCopyFilesBuildPhase section */

/* Begin PBXFileReference section */
		EF0AB57B1C31952000E0C5DB /* Flock */ = {isa = PBXFileReference; explicitFileType = "compiled.mach-o.executable"; includeInIndex = 0; path = Flock; sourceTree = BUILT_PRODUCTS_DIR; };
		EF0AB57E1C31952000E0C5DB /* main.swift */ = {isa = PBXFileReference; lastKnownFileType = sourcecode.swift; path = main.swift; sourceTree = "<group>"; };
		EF0AB5AA1C31956C00E0C5DB /* CommandArguments.swift */ = {isa = PBXFileReference; fileEncoding = 4; lastKnownFileType = sourcecode.swift; path = CommandArguments.swift; sourceTree = "<group>"; };
		EF0AB5AB1C31956C00E0C5DB /* Options.swift */ = {isa = PBXFileReference; fileEncoding = 4; lastKnownFileType = sourcecode.swift; path = Options.swift; sourceTree = "<group>"; };
		EF0AB5AC1C31956C00E0C5DB /* RawArguments.swift */ = {isa = PBXFileReference; fileEncoding = 4; lastKnownFileType = sourcecode.swift; path = RawArguments.swift; sourceTree = "<group>"; };
		EF0AB5AE1C31956C00E0C5DB /* CLI.swift */ = {isa = PBXFileReference; fileEncoding = 4; lastKnownFileType = sourcecode.swift; path = CLI.swift; sourceTree = "<group>"; };
		EF0AB5AF1C31956C00E0C5DB /* CommandSignature.swift */ = {isa = PBXFileReference; fileEncoding = 4; lastKnownFileType = sourcecode.swift; path = CommandSignature.swift; sourceTree = "<group>"; };
		EF0AB5B01C31956C00E0C5DB /* Extensions.swift */ = {isa = PBXFileReference; fileEncoding = 4; lastKnownFileType = sourcecode.swift; path = Extensions.swift; sourceTree = "<group>"; };
		EF0AB5B11C31956C00E0C5DB /* Router.swift */ = {isa = PBXFileReference; fileEncoding = 4; lastKnownFileType = sourcecode.swift; path = Router.swift; sourceTree = "<group>"; };
		EF0AB5B31C31956C00E0C5DB /* ChainableCommand.swift */ = {isa = PBXFileReference; fileEncoding = 4; lastKnownFileType = sourcecode.swift; path = ChainableCommand.swift; sourceTree = "<group>"; };
		EF0AB5B41C31956C00E0C5DB /* Command.swift */ = {isa = PBXFileReference; fileEncoding = 4; lastKnownFileType = sourcecode.swift; path = Command.swift; sourceTree = "<group>"; };
		EF0AB5B51C31956C00E0C5DB /* CommandMessageGenerator.swift */ = {isa = PBXFileReference; fileEncoding = 4; lastKnownFileType = sourcecode.swift; path = CommandMessageGenerator.swift; sourceTree = "<group>"; };
		EF0AB5B61C31956C00E0C5DB /* HelpCommand.swift */ = {isa = PBXFileReference; fileEncoding = 4; lastKnownFileType = sourcecode.swift; path = HelpCommand.swift; sourceTree = "<group>"; };
		EF0AB5B71C31956C00E0C5DB /* LightweightCommand.swift */ = {isa = PBXFileReference; fileEncoding = 4; lastKnownFileType = sourcecode.swift; path = LightweightCommand.swift; sourceTree = "<group>"; };
		EF0AB5B81C31956C00E0C5DB /* VersionCommand.swift */ = {isa = PBXFileReference; fileEncoding = 4; lastKnownFileType = sourcecode.swift; path = VersionCommand.swift; sourceTree = "<group>"; };
		EF0AB5BA1C31956C00E0C5DB /* Input.swift */ = {isa = PBXFileReference; fileEncoding = 4; lastKnownFileType = sourcecode.swift; path = Input.swift; sourceTree = "<group>"; };
		EF0AB5BB1C31956C00E0C5DB /* Output.swift */ = {isa = PBXFileReference; fileEncoding = 4; lastKnownFileType = sourcecode.swift; path = Output.swift; sourceTree = "<group>"; };
		EF0AB5CB1C3195BE00E0C5DB /* RunTaskCommand.swift */ = {isa = PBXFileReference; fileEncoding = 4; lastKnownFileType = sourcecode.swift; path = RunTaskCommand.swift; sourceTree = "<group>"; };
		EF0AB5CD1C31985800E0C5DB /* Group.swift */ = {isa = PBXFileReference; fileEncoding = 4; lastKnownFileType = sourcecode.swift; path = Group.swift; sourceTree = "<group>"; };
		EF0AB5CF1C31988500E0C5DB /* Task.swift */ = {isa = PBXFileReference; fileEncoding = 4; lastKnownFileType = sourcecode.swift; path = Task.swift; sourceTree = "<group>"; };
		EF0AB5D11C319B6D00E0C5DB /* DeployGroup.swift */ = {isa = PBXFileReference; fileEncoding = 4; lastKnownFileType = sourcecode.swift; path = DeployGroup.swift; sourceTree = "<group>"; };
		EF0AB5D31C319BD800E0C5DB /* Flockfile.swift */ = {isa = PBXFileReference; fileEncoding = 4; lastKnownFileType = sourcecode.swift; path = Flockfile.swift; sourceTree = "<group>"; };
		EF0AB5D71C319C8B00E0C5DB /* Flock.swift */ = {isa = PBXFileReference; fileEncoding = 4; lastKnownFileType = sourcecode.swift; path = Flock.swift; sourceTree = "<group>"; };
		EF0AB5D91C319CEF00E0C5DB /* FlockCurassow.swift */ = {isa = PBXFileReference; fileEncoding = 4; lastKnownFileType = sourcecode.swift; path = FlockCurassow.swift; sourceTree = "<group>"; };
/* End PBXFileReference section */

/* Begin PBXFrameworksBuildPhase section */
		EF0AB5781C31952000E0C5DB /* Frameworks */ = {
			isa = PBXFrameworksBuildPhase;
			buildActionMask = 2147483647;
			files = (
			);
			runOnlyForDeploymentPostprocessing = 0;
		};
/* End PBXFrameworksBuildPhase section */

/* Begin PBXGroup section */
		EF0AB5721C31952000E0C5DB = {
			isa = PBXGroup;
			children = (
				EF0AB57D1C31952000E0C5DB /* Flock */,
				EF0AB57C1C31952000E0C5DB /* Products */,
			);
			sourceTree = "<group>";
		};
		EF0AB57C1C31952000E0C5DB /* Products */ = {
			isa = PBXGroup;
			children = (
				EF0AB57B1C31952000E0C5DB /* Flock */,
			);
			name = Products;
			sourceTree = "<group>";
		};
		EF0AB57D1C31952000E0C5DB /* Flock */ = {
			isa = PBXGroup;
			children = (
				EF0AB57E1C31952000E0C5DB /* main.swift */,
				EF0AB5CB1C3195BE00E0C5DB /* RunTaskCommand.swift */,
				EF0AB5CD1C31985800E0C5DB /* Group.swift */,
				EF0AB5D31C319BD800E0C5DB /* Flockfile.swift */,
				EF0AB5D71C319C8B00E0C5DB /* Flock.swift */,
				EF0AB5CF1C31988500E0C5DB /* Task.swift */,
				EF0AB5D11C319B6D00E0C5DB /* DeployGroup.swift */,
				EF0AB5D91C319CEF00E0C5DB /* FlockCurassow.swift */,
				EF0AB5A81C31956C00E0C5DB /* SwiftCLI */,
			);
			path = Flock;
			sourceTree = "<group>";
		};
		EF0AB5A81C31956C00E0C5DB /* SwiftCLI */ = {
			isa = PBXGroup;
			children = (
				EF0AB5A91C31956C00E0C5DB /* Arguments */,
				EF0AB5AD1C31956C00E0C5DB /* CLI */,
				EF0AB5B21C31956C00E0C5DB /* Commands */,
				EF0AB5B91C31956C00E0C5DB /* IO */,
			);
			name = SwiftCLI;
			path = ../../../Apps/SwiftCLI/SwiftCLI;
			sourceTree = "<group>";
		};
		EF0AB5A91C31956C00E0C5DB /* Arguments */ = {
			isa = PBXGroup;
			children = (
				EF0AB5AA1C31956C00E0C5DB /* CommandArguments.swift */,
				EF0AB5AB1C31956C00E0C5DB /* Options.swift */,
				EF0AB5AC1C31956C00E0C5DB /* RawArguments.swift */,
			);
			path = Arguments;
			sourceTree = "<group>";
		};
		EF0AB5AD1C31956C00E0C5DB /* CLI */ = {
			isa = PBXGroup;
			children = (
				EF0AB5AE1C31956C00E0C5DB /* CLI.swift */,
				EF0AB5AF1C31956C00E0C5DB /* CommandSignature.swift */,
				EF0AB5B01C31956C00E0C5DB /* Extensions.swift */,
				EF0AB5B11C31956C00E0C5DB /* Router.swift */,
			);
			path = CLI;
			sourceTree = "<group>";
		};
		EF0AB5B21C31956C00E0C5DB /* Commands */ = {
			isa = PBXGroup;
			children = (
				EF0AB5B31C31956C00E0C5DB /* ChainableCommand.swift */,
				EF0AB5B41C31956C00E0C5DB /* Command.swift */,
				EF0AB5B51C31956C00E0C5DB /* CommandMessageGenerator.swift */,
				EF0AB5B61C31956C00E0C5DB /* HelpCommand.swift */,
				EF0AB5B71C31956C00E0C5DB /* LightweightCommand.swift */,
				EF0AB5B81C31956C00E0C5DB /* VersionCommand.swift */,
			);
			path = Commands;
			sourceTree = "<group>";
		};
		EF0AB5B91C31956C00E0C5DB /* IO */ = {
			isa = PBXGroup;
			children = (
				EF0AB5BA1C31956C00E0C5DB /* Input.swift */,
				EF0AB5BB1C31956C00E0C5DB /* Output.swift */,
			);
			path = IO;
			sourceTree = "<group>";
		};
/* End PBXGroup section */

/* Begin PBXNativeTarget section */
		EF0AB57A1C31952000E0C5DB /* Flock */ = {
			isa = PBXNativeTarget;
			buildConfigurationList = EF0AB5821C31952000E0C5DB /* Build configuration list for PBXNativeTarget "Flock" */;
			buildPhases = (
				EF0AB5771C31952000E0C5DB /* Sources */,
				EF0AB5781C31952000E0C5DB /* Frameworks */,
				EF0AB5791C31952000E0C5DB /* CopyFiles */,
			);
			buildRules = (
			);
			dependencies = (
			);
			name = Flock;
			productName = Flock;
			productReference = EF0AB57B1C31952000E0C5DB /* Flock */;
			productType = "com.apple.product-type.tool";
		};
/* End PBXNativeTarget section */

/* Begin PBXProject section */
		EF0AB5731C31952000E0C5DB /* Project object */ = {
			isa = PBXProject;
			attributes = {
				LastSwiftUpdateCheck = 0720;
				LastUpgradeCheck = 0720;
				ORGANIZATIONNAME = jakeheis;
				TargetAttributes = {
					EF0AB57A1C31952000E0C5DB = {
						CreatedOnToolsVersion = 7.2;
					};
				};
			};
			buildConfigurationList = EF0AB5761C31952000E0C5DB /* Build configuration list for PBXProject "Flock" */;
			compatibilityVersion = "Xcode 3.2";
			developmentRegion = English;
			hasScannedForEncodings = 0;
			knownRegions = (
				en,
			);
			mainGroup = EF0AB5721C31952000E0C5DB;
			productRefGroup = EF0AB57C1C31952000E0C5DB /* Products */;
			projectDirPath = "";
			projectRoot = "";
			targets = (
				EF0AB57A1C31952000E0C5DB /* Flock */,
			);
		};
/* End PBXProject section */

/* Begin PBXSourcesBuildPhase section */
		EF0AB5771C31952000E0C5DB /* Sources */ = {
			isa = PBXSourcesBuildPhase;
			buildActionMask = 2147483647;
			files = (
				EF0AB5C91C31956C00E0C5DB /* Input.swift in Sources */,
				EF0AB5C61C31956C00E0C5DB /* HelpCommand.swift in Sources */,
				EF0AB5C51C31956C00E0C5DB /* CommandMessageGenerator.swift in Sources */,
				EF0AB5D81C319C8B00E0C5DB /* Flock.swift in Sources */,
				EF0AB5C21C31956C00E0C5DB /* Router.swift in Sources */,
				EF0AB5C71C31956C00E0C5DB /* LightweightCommand.swift in Sources */,
				EF0AB5C81C31956C00E0C5DB /* VersionCommand.swift in Sources */,
				EF0AB5C01C31956C00E0C5DB /* CommandSignature.swift in Sources */,
				EF0AB5D01C31988500E0C5DB /* Task.swift in Sources */,
				EF0AB5BC1C31956C00E0C5DB /* CommandArguments.swift in Sources */,
				EF0AB5CA1C31956C00E0C5DB /* Output.swift in Sources */,
				EF0AB5D21C319B6D00E0C5DB /* DeployGroup.swift in Sources */,
				EF0AB5CE1C31985800E0C5DB /* Group.swift in Sources */,
				EF0AB5DA1C319CEF00E0C5DB /* FlockCurassow.swift in Sources */,
				EF0AB5C41C31956C00E0C5DB /* Command.swift in Sources */,
				EF0AB5BE1C31956C00E0C5DB /* RawArguments.swift in Sources */,
				EF0AB5BF1C31956C00E0C5DB /* CLI.swift in Sources */,
				EF0AB5BD1C31956C00E0C5DB /* Options.swift in Sources */,
				EF0AB5C31C31956C00E0C5DB /* ChainableCommand.swift in Sources */,
				EF0AB57F1C31952000E0C5DB /* main.swift in Sources */,
				EF0AB5C11C31956C00E0C5DB /* Extensions.swift in Sources */,
				EF0AB5D41C319BD800E0C5DB /* Flockfile.swift in Sources */,
				EF0AB5CC1C3195BE00E0C5DB /* RunTaskCommand.swift in Sources */,
			);
			runOnlyForDeploymentPostprocessing = 0;
		};
/* End PBXSourcesBuildPhase section */

/* Begin XCBuildConfiguration section */
		EF0AB5801C31952000E0C5DB /* Debug */ = {
			isa = XCBuildConfiguration;
			buildSettings = {
				ALWAYS_SEARCH_USER_PATHS = NO;
				CLANG_CXX_LANGUAGE_STANDARD = "gnu++0x";
				CLANG_CXX_LIBRARY = "libc++";
				CLANG_ENABLE_MODULES = YES;
				CLANG_ENABLE_OBJC_ARC = YES;
				CLANG_WARN_BOOL_CONVERSION = YES;
				CLANG_WARN_CONSTANT_CONVERSION = YES;
				CLANG_WARN_DIRECT_OBJC_ISA_USAGE = YES_ERROR;
				CLANG_WARN_EMPTY_BODY = YES;
				CLANG_WARN_ENUM_CONVERSION = YES;
				CLANG_WARN_INT_CONVERSION = YES;
				CLANG_WARN_OBJC_ROOT_CLASS = YES_ERROR;
				CLANG_WARN_UNREACHABLE_CODE = YES;
				CLANG_WARN__DUPLICATE_METHOD_MATCH = YES;
				CODE_SIGN_IDENTITY = "-";
				COPY_PHASE_STRIP = NO;
				DEBUG_INFORMATION_FORMAT = dwarf;
				ENABLE_STRICT_OBJC_MSGSEND = YES;
				ENABLE_TESTABILITY = YES;
				GCC_C_LANGUAGE_STANDARD = gnu99;
				GCC_DYNAMIC_NO_PIC = NO;
				GCC_NO_COMMON_BLOCKS = YES;
				GCC_OPTIMIZATION_LEVEL = 0;
				GCC_PREPROCESSOR_DEFINITIONS = (
					"DEBUG=1",
					"$(inherited)",
				);
				GCC_WARN_64_TO_32_BIT_CONVERSION = YES;
				GCC_WARN_ABOUT_RETURN_TYPE = YES_ERROR;
				GCC_WARN_UNDECLARED_SELECTOR = YES;
				GCC_WARN_UNINITIALIZED_AUTOS = YES_AGGRESSIVE;
				GCC_WARN_UNUSED_FUNCTION = YES;
				GCC_WARN_UNUSED_VARIABLE = YES;
				MACOSX_DEPLOYMENT_TARGET = 10.11;
				MTL_ENABLE_DEBUG_INFO = YES;
				ONLY_ACTIVE_ARCH = YES;
				SDKROOT = macosx;
				SWIFT_OPTIMIZATION_LEVEL = "-Onone";
			};
			name = Debug;
		};
		EF0AB5811C31952000E0C5DB /* Release */ = {
			isa = XCBuildConfiguration;
			buildSettings = {
				ALWAYS_SEARCH_USER_PATHS = NO;
				CLANG_CXX_LANGUAGE_STANDARD = "gnu++0x";
				CLANG_CXX_LIBRARY = "libc++";
				CLANG_ENABLE_MODULES = YES;
				CLANG_ENABLE_OBJC_ARC = YES;
				CLANG_WARN_BOOL_CONVERSION = YES;
				CLANG_WARN_CONSTANT_CONVERSION = YES;
				CLANG_WARN_DIRECT_OBJC_ISA_USAGE = YES_ERROR;
				CLANG_WARN_EMPTY_BODY = YES;
				CLANG_WARN_ENUM_CONVERSION = YES;
				CLANG_WARN_INT_CONVERSION = YES;
				CLANG_WARN_OBJC_ROOT_CLASS = YES_ERROR;
				CLANG_WARN_UNREACHABLE_CODE = YES;
				CLANG_WARN__DUPLICATE_METHOD_MATCH = YES;
				CODE_SIGN_IDENTITY = "-";
				COPY_PHASE_STRIP = NO;
				DEBUG_INFORMATION_FORMAT = "dwarf-with-dsym";
				ENABLE_NS_ASSERTIONS = NO;
				ENABLE_STRICT_OBJC_MSGSEND = YES;
				GCC_C_LANGUAGE_STANDARD = gnu99;
				GCC_NO_COMMON_BLOCKS = YES;
				GCC_WARN_64_TO_32_BIT_CONVERSION = YES;
				GCC_WARN_ABOUT_RETURN_TYPE = YES_ERROR;
				GCC_WARN_UNDECLARED_SELECTOR = YES;
				GCC_WARN_UNINITIALIZED_AUTOS = YES_AGGRESSIVE;
				GCC_WARN_UNUSED_FUNCTION = YES;
				GCC_WARN_UNUSED_VARIABLE = YES;
				MACOSX_DEPLOYMENT_TARGET = 10.11;
				MTL_ENABLE_DEBUG_INFO = NO;
				SDKROOT = macosx;
			};
			name = Release;
		};
		EF0AB5831C31952000E0C5DB /* Debug */ = {
			isa = XCBuildConfiguration;
			buildSettings = {
				PRODUCT_NAME = "$(TARGET_NAME)";
			};
			name = Debug;
		};
		EF0AB5841C31952000E0C5DB /* Release */ = {
			isa = XCBuildConfiguration;
			buildSettings = {
				PRODUCT_NAME = "$(TARGET_NAME)";
			};
			name = Release;
		};
/* End XCBuildConfiguration section */

/* Begin XCConfigurationList section */
		EF0AB5761C31952000E0C5DB /* Build configuration list for PBXProject "Flock" */ = {
			isa = XCConfigurationList;
			buildConfigurations = (
				EF0AB5801C31952000E0C5DB /* Debug */,
				EF0AB5811C31952000E0C5DB /* Release */,
			);
			defaultConfigurationIsVisible = 0;
			defaultConfigurationName = Release;
		};
		EF0AB5821C31952000E0C5DB /* Build configuration list for PBXNativeTarget "Flock" */ = {
			isa = XCConfigurationList;
			buildConfigurations = (
				EF0AB5831C31952000E0C5DB /* Debug */,
				EF0AB5841C31952000E0C5DB /* Release */,
			);
			defaultConfigurationIsVisible = 0;
		};
/* End XCConfigurationList section */
	};
	rootObject = EF0AB5731C31952000E0C5DB /* Project object */;
}
